// !$*UTF8*$!
{
	archiveVersion = 1;
	classes = {
	};
	objectVersion = 46;
	objects = {

/* Begin PBXBuildFile section */
		6E0481291AE0938900007187 /* KHHomeScreenDataSource.m in Sources */ = {isa = PBXBuildFile; fileRef = 6E0481281AE0938900007187 /* KHHomeScreenDataSource.m */; };
		6E0BE4A11AC3D52C00BF4B45 /* KHSplashScreenContentViewController.m in Sources */ = {isa = PBXBuildFile; fileRef = 6E0BE4A01AC3D52C00BF4B45 /* KHSplashScreenContentViewController.m */; };
		6E0BE4A51AC3D54000BF4B45 /* KHSplashScreenDataSource.m in Sources */ = {isa = PBXBuildFile; fileRef = 6E0BE4A41AC3D54000BF4B45 /* KHSplashScreenDataSource.m */; };
		6E0BE4A81AC3D74800BF4B45 /* KHSplashScreenInfo.m in Sources */ = {isa = PBXBuildFile; fileRef = 6E0BE4A71AC3D74800BF4B45 /* KHSplashScreenInfo.m */; };
		6E0BE4B31AC5F11000BF4B45 /* UIColor+HexString.m in Sources */ = {isa = PBXBuildFile; fileRef = 6E0BE4B21AC5F11000BF4B45 /* UIColor+HexString.m */; };
		6E0BE4B61AC5FAF200BF4B45 /* UIFont+CustomFonts.m in Sources */ = {isa = PBXBuildFile; fileRef = 6E0BE4B51AC5FAF200BF4B45 /* UIFont+CustomFonts.m */; };
		6E0BE4BF1AC5FB5500BF4B45 /* Dosis-Bold.otf in Resources */ = {isa = PBXBuildFile; fileRef = 6E0BE4B81AC5FB5500BF4B45 /* Dosis-Bold.otf */; };
		6E0BE4C01AC5FB5500BF4B45 /* Dosis-ExtraBold.otf in Resources */ = {isa = PBXBuildFile; fileRef = 6E0BE4B91AC5FB5500BF4B45 /* Dosis-ExtraBold.otf */; };
		6E0BE4C11AC5FB5500BF4B45 /* Dosis-ExtraLight.otf in Resources */ = {isa = PBXBuildFile; fileRef = 6E0BE4BA1AC5FB5500BF4B45 /* Dosis-ExtraLight.otf */; };
		6E0BE4C21AC5FB5500BF4B45 /* Dosis-Light.otf in Resources */ = {isa = PBXBuildFile; fileRef = 6E0BE4BB1AC5FB5500BF4B45 /* Dosis-Light.otf */; };
		6E0BE4C31AC5FB5500BF4B45 /* Dosis-Medium.otf in Resources */ = {isa = PBXBuildFile; fileRef = 6E0BE4BC1AC5FB5500BF4B45 /* Dosis-Medium.otf */; };
		6E0BE4C41AC5FB5500BF4B45 /* Dosis-Regular.otf in Resources */ = {isa = PBXBuildFile; fileRef = 6E0BE4BD1AC5FB5500BF4B45 /* Dosis-Regular.otf */; };
		6E0BE4C51AC5FB5500BF4B45 /* Dosis-SemiBold.otf in Resources */ = {isa = PBXBuildFile; fileRef = 6E0BE4BE1AC5FB5500BF4B45 /* Dosis-SemiBold.otf */; };
		6E0BE4C81AC5FFD600BF4B45 /* KHSplashScreenContentView.m in Sources */ = {isa = PBXBuildFile; fileRef = 6E0BE4C71AC5FFD600BF4B45 /* KHSplashScreenContentView.m */; };
		6E0BE4D51AC8DEB800BF4B45 /* KHAPIService.m in Sources */ = {isa = PBXBuildFile; fileRef = 6E0BE4D41AC8DEB800BF4B45 /* KHAPIService.m */; };
		6E0BE4D91AC8DFAD00BF4B45 /* KHLoginService.m in Sources */ = {isa = PBXBuildFile; fileRef = 6E0BE4D81AC8DFAD00BF4B45 /* KHLoginService.m */; };
		6E0BE4DD1AC8E09D00BF4B45 /* KHRegisterService.m in Sources */ = {isa = PBXBuildFile; fileRef = 6E0BE4DC1AC8E09D00BF4B45 /* KHRegisterService.m */; };
		6E0BE4E41AC8EBBF00BF4B45 /* KHSessionManager.m in Sources */ = {isa = PBXBuildFile; fileRef = 6E0BE4E31AC8EBBF00BF4B45 /* KHSessionManager.m */; };
		6E0BE4E91AC92C2000BF4B45 /* KHLoginManager.m in Sources */ = {isa = PBXBuildFile; fileRef = 6E0BE4E81AC92C2000BF4B45 /* KHLoginManager.m */; };
		6E0BE4EE1ACA731200BF4B45 /* KHRegisterManager.m in Sources */ = {isa = PBXBuildFile; fileRef = 6E0BE4ED1ACA731200BF4B45 /* KHRegisterManager.m */; };
		6E25F0221AEF247700A4E76C /* KHBrowseViewController.m in Sources */ = {isa = PBXBuildFile; fileRef = 6E25F0211AEF247700A4E76C /* KHBrowseViewController.m */; };
		6E25F0271AEF4E5E00A4E76C /* KHBrowseService.m in Sources */ = {isa = PBXBuildFile; fileRef = 6E25F0261AEF4E5E00A4E76C /* KHBrowseService.m */; };
		6E25F02C1AEF50E600A4E76C /* KHBrowseDataSource.m in Sources */ = {isa = PBXBuildFile; fileRef = 6E25F02B1AEF50E600A4E76C /* KHBrowseDataSource.m */; };
		6E25F0301AEF567900A4E76C /* KHHomeCollectionViewDataSource.m in Sources */ = {isa = PBXBuildFile; fileRef = 6E25F02F1AEF567900A4E76C /* KHHomeCollectionViewDataSource.m */; };
		6E25F0331AEF665100A4E76C /* KHUserModel.m in Sources */ = {isa = PBXBuildFile; fileRef = 6E25F0321AEF665100A4E76C /* KHUserModel.m */; };
		6E25F03E1AF342B900A4E76C /* KHHomeStreaksModel.m in Sources */ = {isa = PBXBuildFile; fileRef = 6E25F03D1AF342B900A4E76C /* KHHomeStreaksModel.m */; };
		6E25F0441AF342F100A4E76C /* KHHomeStreaksGroup.m in Sources */ = {isa = PBXBuildFile; fileRef = 6E25F0431AF342F100A4E76C /* KHHomeStreaksGroup.m */; };
		6E25F0471AF3658B00A4E76C /* KHStreakCell.m in Sources */ = {isa = PBXBuildFile; fileRef = 6E25F0461AF3658B00A4E76C /* KHStreakCell.m */; };
		6E25F04A1AF5807400A4E76C /* KHStreakProgressBar.m in Sources */ = {isa = PBXBuildFile; fileRef = 6E25F0491AF5807400A4E76C /* KHStreakProgressBar.m */; };
		6E25F04E1AF9CD5800A4E76C /* KHStreakCellViewModel.m in Sources */ = {isa = PBXBuildFile; fileRef = 6E25F04D1AF9CD5800A4E76C /* KHStreakCellViewModel.m */; };
		6E5B3F681A835D9E0091A556 /* Default-568h@2x.png in Resources */ = {isa = PBXBuildFile; fileRef = 6E5B3F671A835D9E0091A556 /* Default-568h@2x.png */; };
		6E5E60E01AD1199B00669A0D /* KHGlobalTabBarViewController.m in Sources */ = {isa = PBXBuildFile; fileRef = 6E5E60DF1AD1199B00669A0D /* KHGlobalTabBarViewController.m */; };
		6E5E60E31AD3791A00669A0D /* KHHomeViewController.m in Sources */ = {isa = PBXBuildFile; fileRef = 6E5E60E21AD3791A00669A0D /* KHHomeViewController.m */; };
		6E5E60EA1AD5158F00669A0D /* KHHomeScreenService.m in Sources */ = {isa = PBXBuildFile; fileRef = 6E5E60E91AD5158F00669A0D /* KHHomeScreenService.m */; };
		6E5E60EF1AD6334D00669A0D /* KHSettingsViewController.m in Sources */ = {isa = PBXBuildFile; fileRef = 6E5E60EE1AD6334D00669A0D /* KHSettingsViewController.m */; };
		6E901C3D1B33B256001F14A5 /* KHSignupViewController.m in Sources */ = {isa = PBXBuildFile; fileRef = 6E901C3C1B33B256001F14A5 /* KHSignupViewController.m */; };
		6E901C411B33B268001F14A5 /* KHLoginViewController.m in Sources */ = {isa = PBXBuildFile; fileRef = 6E901C401B33B268001F14A5 /* KHLoginViewController.m */; };
		6E901C461B33B2D7001F14A5 /* KHSignupView.m in Sources */ = {isa = PBXBuildFile; fileRef = 6E901C451B33B2D7001F14A5 /* KHSignupView.m */; };
		6E901C4A1B33B31E001F14A5 /* KHSignupInteractor.m in Sources */ = {isa = PBXBuildFile; fileRef = 6E901C491B33B31E001F14A5 /* KHSignupInteractor.m */; };
		6E901C511B39095D001F14A5 /* KHLoginView.m in Sources */ = {isa = PBXBuildFile; fileRef = 6E901C501B39095D001F14A5 /* KHLoginView.m */; };
		6E901C551B390990001F14A5 /* KHLoginInteractor.m in Sources */ = {isa = PBXBuildFile; fileRef = 6E901C541B390990001F14A5 /* KHLoginInteractor.m */; };
		6E901C5A1B3D0326001F14A5 /* KHHomeStreakHeaderView.m in Sources */ = {isa = PBXBuildFile; fileRef = 6E901C591B3D0326001F14A5 /* KHHomeStreakHeaderView.m */; };
		6E98754C1A7A1C860042B3DD /* KHSplashScreenViewController.m in Sources */ = {isa = PBXBuildFile; fileRef = 6E98754B1A7A1C860042B3DD /* KHSplashScreenViewController.m */; };
		6ECCF0BF1ADD0A6B0028EC35 /* KHSettingsDataSource.m in Sources */ = {isa = PBXBuildFile; fileRef = 6ECCF0BE1ADD0A6B0028EC35 /* KHSettingsDataSource.m */; };
		6ECCF0C21ADD0EBA0028EC35 /* KHSettingsViewCell.m in Sources */ = {isa = PBXBuildFile; fileRef = 6ECCF0C11ADD0EBA0028EC35 /* KHSettingsViewCell.m */; };
		6ECCF0C61ADE5C150028EC35 /* KHStreakModel.m in Sources */ = {isa = PBXBuildFile; fileRef = 6ECCF0C51ADE5C150028EC35 /* KHStreakModel.m */; };
		6ECCF0C91AE60C890028EC35 /* KHSettingsDelegate.m in Sources */ = {isa = PBXBuildFile; fileRef = 6ECCF0C81AE60C890028EC35 /* KHSettingsDelegate.m */; };
		6ECCF0CC1AE620DA0028EC35 /* KHSettingsMailController.m in Sources */ = {isa = PBXBuildFile; fileRef = 6ECCF0CB1AE620DA0028EC35 /* KHSettingsMailController.m */; };
		6EE80AFF1AFB49B70091B4E4 /* KHGlobalTabBarWireframe.m in Sources */ = {isa = PBXBuildFile; fileRef = 6EE80AFE1AFB49B70091B4E4 /* KHGlobalTabBarWireframe.m */; };
		6EE80B071AFDEBCB0091B4E4 /* KHBrowseStreaksModel.m in Sources */ = {isa = PBXBuildFile; fileRef = 6EE80B061AFDEBCB0091B4E4 /* KHBrowseStreaksModel.m */; };
		6EE80B0A1B0013470091B4E4 /* KHBrowseCollectionViewDataSource.m in Sources */ = {isa = PBXBuildFile; fileRef = 6EE80B091B0013470091B4E4 /* KHBrowseCollectionViewDataSource.m */; };
		6EF6617E1A773A7600DA5177 /* main.m in Sources */ = {isa = PBXBuildFile; fileRef = 6EF6617D1A773A7600DA5177 /* main.m */; };
		6EF661811A773A7600DA5177 /* KHAppDelegate.m in Sources */ = {isa = PBXBuildFile; fileRef = 6EF661801A773A7600DA5177 /* KHAppDelegate.m */; };
		6EF661891A773A7600DA5177 /* Images.xcassets in Resources */ = {isa = PBXBuildFile; fileRef = 6EF661881A773A7600DA5177 /* Images.xcassets */; };
		6EF661981A773A7600DA5177 /* Streak_ClubTests.m in Sources */ = {isa = PBXBuildFile; fileRef = 6EF661971A773A7600DA5177 /* Streak_ClubTests.m */; };
		8CD75D7E36FE05DA4E6538C0 /* libPods-Streak Club.a in Frameworks */ = {isa = PBXBuildFile; fileRef = 640B7F30FF86833A9D5D4AFF /* libPods-Streak Club.a */; };
/* End PBXBuildFile section */

/* Begin PBXContainerItemProxy section */
		6EF661921A773A7600DA5177 /* PBXContainerItemProxy */ = {
			isa = PBXContainerItemProxy;
			containerPortal = 6EF661701A773A7600DA5177 /* Project object */;
			proxyType = 1;
			remoteGlobalIDString = 6EF661771A773A7600DA5177;
			remoteInfo = "Streak Club";
		};
/* End PBXContainerItemProxy section */

/* Begin PBXFileReference section */
		0E6370BDDA3881A0DE2D463F /* Pods-Streak Club.debug.xcconfig */ = {isa = PBXFileReference; includeInIndex = 1; lastKnownFileType = text.xcconfig; name = "Pods-Streak Club.debug.xcconfig"; path = "Pods/Target Support Files/Pods-Streak Club/Pods-Streak Club.debug.xcconfig"; sourceTree = "<group>"; };
		640B7F30FF86833A9D5D4AFF /* libPods-Streak Club.a */ = {isa = PBXFileReference; explicitFileType = archive.ar; includeInIndex = 0; path = "libPods-Streak Club.a"; sourceTree = BUILT_PRODUCTS_DIR; };
		6E0481271AE0938900007187 /* KHHomeScreenDataSource.h */ = {isa = PBXFileReference; fileEncoding = 4; lastKnownFileType = sourcecode.c.h; path = KHHomeScreenDataSource.h; sourceTree = "<group>"; };
		6E0481281AE0938900007187 /* KHHomeScreenDataSource.m */ = {isa = PBXFileReference; fileEncoding = 4; lastKnownFileType = sourcecode.c.objc; path = KHHomeScreenDataSource.m; sourceTree = "<group>"; };
		6E04812A1AE0939C00007187 /* KHHomeScreenDataSourceDelegate.h */ = {isa = PBXFileReference; fileEncoding = 4; lastKnownFileType = sourcecode.c.h; path = KHHomeScreenDataSourceDelegate.h; sourceTree = "<group>"; };
		6E0BE49F1AC3D52C00BF4B45 /* KHSplashScreenContentViewController.h */ = {isa = PBXFileReference; fileEncoding = 4; lastKnownFileType = sourcecode.c.h; path = KHSplashScreenContentViewController.h; sourceTree = "<group>"; };
		6E0BE4A01AC3D52C00BF4B45 /* KHSplashScreenContentViewController.m */ = {isa = PBXFileReference; fileEncoding = 4; lastKnownFileType = sourcecode.c.objc; path = KHSplashScreenContentViewController.m; sourceTree = "<group>"; };
		6E0BE4A31AC3D54000BF4B45 /* KHSplashScreenDataSource.h */ = {isa = PBXFileReference; fileEncoding = 4; lastKnownFileType = sourcecode.c.h; path = KHSplashScreenDataSource.h; sourceTree = "<group>"; };
		6E0BE4A41AC3D54000BF4B45 /* KHSplashScreenDataSource.m */ = {isa = PBXFileReference; fileEncoding = 4; lastKnownFileType = sourcecode.c.objc; path = KHSplashScreenDataSource.m; sourceTree = "<group>"; };
		6E0BE4A61AC3D74800BF4B45 /* KHSplashScreenInfo.h */ = {isa = PBXFileReference; fileEncoding = 4; lastKnownFileType = sourcecode.c.h; path = KHSplashScreenInfo.h; sourceTree = "<group>"; };
		6E0BE4A71AC3D74800BF4B45 /* KHSplashScreenInfo.m */ = {isa = PBXFileReference; fileEncoding = 4; lastKnownFileType = sourcecode.c.objc; path = KHSplashScreenInfo.m; sourceTree = "<group>"; };
		6E0BE4B11AC5F11000BF4B45 /* UIColor+HexString.h */ = {isa = PBXFileReference; fileEncoding = 4; lastKnownFileType = sourcecode.c.h; path = "UIColor+HexString.h"; sourceTree = "<group>"; };
		6E0BE4B21AC5F11000BF4B45 /* UIColor+HexString.m */ = {isa = PBXFileReference; fileEncoding = 4; lastKnownFileType = sourcecode.c.objc; path = "UIColor+HexString.m"; sourceTree = "<group>"; };
		6E0BE4B41AC5FAF200BF4B45 /* UIFont+CustomFonts.h */ = {isa = PBXFileReference; fileEncoding = 4; lastKnownFileType = sourcecode.c.h; path = "UIFont+CustomFonts.h"; sourceTree = "<group>"; };
		6E0BE4B51AC5FAF200BF4B45 /* UIFont+CustomFonts.m */ = {isa = PBXFileReference; fileEncoding = 4; lastKnownFileType = sourcecode.c.objc; path = "UIFont+CustomFonts.m"; sourceTree = "<group>"; };
		6E0BE4B81AC5FB5500BF4B45 /* Dosis-Bold.otf */ = {isa = PBXFileReference; lastKnownFileType = file; path = "Dosis-Bold.otf"; sourceTree = "<group>"; };
		6E0BE4B91AC5FB5500BF4B45 /* Dosis-ExtraBold.otf */ = {isa = PBXFileReference; lastKnownFileType = file; path = "Dosis-ExtraBold.otf"; sourceTree = "<group>"; };
		6E0BE4BA1AC5FB5500BF4B45 /* Dosis-ExtraLight.otf */ = {isa = PBXFileReference; lastKnownFileType = file; path = "Dosis-ExtraLight.otf"; sourceTree = "<group>"; };
		6E0BE4BB1AC5FB5500BF4B45 /* Dosis-Light.otf */ = {isa = PBXFileReference; lastKnownFileType = file; path = "Dosis-Light.otf"; sourceTree = "<group>"; };
		6E0BE4BC1AC5FB5500BF4B45 /* Dosis-Medium.otf */ = {isa = PBXFileReference; lastKnownFileType = file; path = "Dosis-Medium.otf"; sourceTree = "<group>"; };
		6E0BE4BD1AC5FB5500BF4B45 /* Dosis-Regular.otf */ = {isa = PBXFileReference; lastKnownFileType = file; path = "Dosis-Regular.otf"; sourceTree = "<group>"; };
		6E0BE4BE1AC5FB5500BF4B45 /* Dosis-SemiBold.otf */ = {isa = PBXFileReference; lastKnownFileType = file; path = "Dosis-SemiBold.otf"; sourceTree = "<group>"; };
		6E0BE4C61AC5FFD600BF4B45 /* KHSplashScreenContentView.h */ = {isa = PBXFileReference; fileEncoding = 4; lastKnownFileType = sourcecode.c.h; path = KHSplashScreenContentView.h; sourceTree = "<group>"; };
		6E0BE4C71AC5FFD600BF4B45 /* KHSplashScreenContentView.m */ = {isa = PBXFileReference; fileEncoding = 4; lastKnownFileType = sourcecode.c.objc; path = KHSplashScreenContentView.m; sourceTree = "<group>"; };
		6E0BE4D31AC8DEB800BF4B45 /* KHAPIService.h */ = {isa = PBXFileReference; fileEncoding = 4; lastKnownFileType = sourcecode.c.h; path = KHAPIService.h; sourceTree = "<group>"; };
		6E0BE4D41AC8DEB800BF4B45 /* KHAPIService.m */ = {isa = PBXFileReference; fileEncoding = 4; lastKnownFileType = sourcecode.c.objc; path = KHAPIService.m; sourceTree = "<group>"; };
		6E0BE4D71AC8DFAD00BF4B45 /* KHLoginService.h */ = {isa = PBXFileReference; fileEncoding = 4; lastKnownFileType = sourcecode.c.h; path = KHLoginService.h; sourceTree = "<group>"; };
		6E0BE4D81AC8DFAD00BF4B45 /* KHLoginService.m */ = {isa = PBXFileReference; fileEncoding = 4; lastKnownFileType = sourcecode.c.objc; path = KHLoginService.m; sourceTree = "<group>"; };
		6E0BE4DA1AC8DFD800BF4B45 /* KHLoginServiceDelegate.h */ = {isa = PBXFileReference; fileEncoding = 4; lastKnownFileType = sourcecode.c.h; path = KHLoginServiceDelegate.h; sourceTree = "<group>"; };
		6E0BE4DB1AC8E09D00BF4B45 /* KHRegisterService.h */ = {isa = PBXFileReference; fileEncoding = 4; lastKnownFileType = sourcecode.c.h; path = KHRegisterService.h; sourceTree = "<group>"; };
		6E0BE4DC1AC8E09D00BF4B45 /* KHRegisterService.m */ = {isa = PBXFileReference; fileEncoding = 4; lastKnownFileType = sourcecode.c.objc; path = KHRegisterService.m; sourceTree = "<group>"; };
		6E0BE4DE1AC8E0A800BF4B45 /* KHRegisterServiceDelegate.h */ = {isa = PBXFileReference; fileEncoding = 4; lastKnownFileType = sourcecode.c.h; path = KHRegisterServiceDelegate.h; sourceTree = "<group>"; };
		6E0BE4E21AC8EBBF00BF4B45 /* KHSessionManager.h */ = {isa = PBXFileReference; fileEncoding = 4; lastKnownFileType = sourcecode.c.h; path = KHSessionManager.h; sourceTree = "<group>"; };
		6E0BE4E31AC8EBBF00BF4B45 /* KHSessionManager.m */ = {isa = PBXFileReference; fileEncoding = 4; lastKnownFileType = sourcecode.c.objc; path = KHSessionManager.m; sourceTree = "<group>"; };
		6E0BE4E71AC92C2000BF4B45 /* KHLoginManager.h */ = {isa = PBXFileReference; fileEncoding = 4; lastKnownFileType = sourcecode.c.h; path = KHLoginManager.h; sourceTree = "<group>"; };
		6E0BE4E81AC92C2000BF4B45 /* KHLoginManager.m */ = {isa = PBXFileReference; fileEncoding = 4; lastKnownFileType = sourcecode.c.objc; path = KHLoginManager.m; sourceTree = "<group>"; };
		6E0BE4EA1AC92C3900BF4B45 /* KHLoginManagerDelegate.h */ = {isa = PBXFileReference; fileEncoding = 4; lastKnownFileType = sourcecode.c.h; path = KHLoginManagerDelegate.h; sourceTree = "<group>"; };
		6E0BE4EC1ACA731200BF4B45 /* KHRegisterManager.h */ = {isa = PBXFileReference; fileEncoding = 4; lastKnownFileType = sourcecode.c.h; path = KHRegisterManager.h; sourceTree = "<group>"; };
		6E0BE4ED1ACA731200BF4B45 /* KHRegisterManager.m */ = {isa = PBXFileReference; fileEncoding = 4; lastKnownFileType = sourcecode.c.objc; path = KHRegisterManager.m; sourceTree = "<group>"; };
		6E0BE4EF1ACA731B00BF4B45 /* KHRegisterManagerDelegate.h */ = {isa = PBXFileReference; fileEncoding = 4; lastKnownFileType = sourcecode.c.h; path = KHRegisterManagerDelegate.h; sourceTree = "<group>"; };
		6E25F0201AEF247700A4E76C /* KHBrowseViewController.h */ = {isa = PBXFileReference; fileEncoding = 4; lastKnownFileType = sourcecode.c.h; path = KHBrowseViewController.h; sourceTree = "<group>"; };
		6E25F0211AEF247700A4E76C /* KHBrowseViewController.m */ = {isa = PBXFileReference; fileEncoding = 4; lastKnownFileType = sourcecode.c.objc; path = KHBrowseViewController.m; sourceTree = "<group>"; };
		6E25F0251AEF4E5E00A4E76C /* KHBrowseService.h */ = {isa = PBXFileReference; fileEncoding = 4; lastKnownFileType = sourcecode.c.h; path = KHBrowseService.h; sourceTree = "<group>"; };
		6E25F0261AEF4E5E00A4E76C /* KHBrowseService.m */ = {isa = PBXFileReference; fileEncoding = 4; lastKnownFileType = sourcecode.c.objc; path = KHBrowseService.m; sourceTree = "<group>"; };
		6E25F0281AEF4E6F00A4E76C /* KHBrowseServiceDelegate.h */ = {isa = PBXFileReference; fileEncoding = 4; lastKnownFileType = sourcecode.c.h; path = KHBrowseServiceDelegate.h; sourceTree = "<group>"; };
		6E25F02A1AEF50E600A4E76C /* KHBrowseDataSource.h */ = {isa = PBXFileReference; fileEncoding = 4; lastKnownFileType = sourcecode.c.h; path = KHBrowseDataSource.h; sourceTree = "<group>"; };
		6E25F02B1AEF50E600A4E76C /* KHBrowseDataSource.m */ = {isa = PBXFileReference; fileEncoding = 4; lastKnownFileType = sourcecode.c.objc; path = KHBrowseDataSource.m; sourceTree = "<group>"; };
		6E25F02D1AEF50F600A4E76C /* KHBrowseDataSourceDelegate.h */ = {isa = PBXFileReference; fileEncoding = 4; lastKnownFileType = sourcecode.c.h; path = KHBrowseDataSourceDelegate.h; sourceTree = "<group>"; };
		6E25F02E1AEF567900A4E76C /* KHHomeCollectionViewDataSource.h */ = {isa = PBXFileReference; fileEncoding = 4; lastKnownFileType = sourcecode.c.h; path = KHHomeCollectionViewDataSource.h; sourceTree = "<group>"; };
		6E25F02F1AEF567900A4E76C /* KHHomeCollectionViewDataSource.m */ = {isa = PBXFileReference; fileEncoding = 4; lastKnownFileType = sourcecode.c.objc; path = KHHomeCollectionViewDataSource.m; sourceTree = "<group>"; };
		6E25F0311AEF665100A4E76C /* KHUserModel.h */ = {isa = PBXFileReference; fileEncoding = 4; lastKnownFileType = sourcecode.c.h; path = KHUserModel.h; sourceTree = "<group>"; };
		6E25F0321AEF665100A4E76C /* KHUserModel.m */ = {isa = PBXFileReference; fileEncoding = 4; lastKnownFileType = sourcecode.c.objc; path = KHUserModel.m; sourceTree = "<group>"; };
		6E25F03C1AF342B900A4E76C /* KHHomeStreaksModel.h */ = {isa = PBXFileReference; fileEncoding = 4; lastKnownFileType = sourcecode.c.h; path = KHHomeStreaksModel.h; sourceTree = "<group>"; };
		6E25F03D1AF342B900A4E76C /* KHHomeStreaksModel.m */ = {isa = PBXFileReference; fileEncoding = 4; lastKnownFileType = sourcecode.c.objc; path = KHHomeStreaksModel.m; sourceTree = "<group>"; };
		6E25F0421AF342F100A4E76C /* KHHomeStreaksGroup.h */ = {isa = PBXFileReference; fileEncoding = 4; lastKnownFileType = sourcecode.c.h; path = KHHomeStreaksGroup.h; sourceTree = "<group>"; };
		6E25F0431AF342F100A4E76C /* KHHomeStreaksGroup.m */ = {isa = PBXFileReference; fileEncoding = 4; lastKnownFileType = sourcecode.c.objc; path = KHHomeStreaksGroup.m; sourceTree = "<group>"; };
		6E25F0451AF3658B00A4E76C /* KHStreakCell.h */ = {isa = PBXFileReference; fileEncoding = 4; lastKnownFileType = sourcecode.c.h; path = KHStreakCell.h; sourceTree = "<group>"; };
		6E25F0461AF3658B00A4E76C /* KHStreakCell.m */ = {isa = PBXFileReference; fileEncoding = 4; lastKnownFileType = sourcecode.c.objc; path = KHStreakCell.m; sourceTree = "<group>"; };
		6E25F0481AF5807400A4E76C /* KHStreakProgressBar.h */ = {isa = PBXFileReference; fileEncoding = 4; lastKnownFileType = sourcecode.c.h; path = KHStreakProgressBar.h; sourceTree = "<group>"; };
		6E25F0491AF5807400A4E76C /* KHStreakProgressBar.m */ = {isa = PBXFileReference; fileEncoding = 4; lastKnownFileType = sourcecode.c.objc; path = KHStreakProgressBar.m; sourceTree = "<group>"; };
		6E25F04C1AF9CD5800A4E76C /* KHStreakCellViewModel.h */ = {isa = PBXFileReference; fileEncoding = 4; lastKnownFileType = sourcecode.c.h; path = KHStreakCellViewModel.h; sourceTree = "<group>"; };
		6E25F04D1AF9CD5800A4E76C /* KHStreakCellViewModel.m */ = {isa = PBXFileReference; fileEncoding = 4; lastKnownFileType = sourcecode.c.objc; path = KHStreakCellViewModel.m; sourceTree = "<group>"; };
		6E5B3F671A835D9E0091A556 /* Default-568h@2x.png */ = {isa = PBXFileReference; lastKnownFileType = image.png; path = "Default-568h@2x.png"; sourceTree = "<group>"; };
		6E5E60DE1AD1199B00669A0D /* KHGlobalTabBarViewController.h */ = {isa = PBXFileReference; fileEncoding = 4; lastKnownFileType = sourcecode.c.h; path = KHGlobalTabBarViewController.h; sourceTree = "<group>"; };
		6E5E60DF1AD1199B00669A0D /* KHGlobalTabBarViewController.m */ = {isa = PBXFileReference; fileEncoding = 4; lastKnownFileType = sourcecode.c.objc; path = KHGlobalTabBarViewController.m; sourceTree = "<group>"; };
		6E5E60E11AD3791A00669A0D /* KHHomeViewController.h */ = {isa = PBXFileReference; fileEncoding = 4; lastKnownFileType = sourcecode.c.h; path = KHHomeViewController.h; sourceTree = "<group>"; };
		6E5E60E21AD3791A00669A0D /* KHHomeViewController.m */ = {isa = PBXFileReference; fileEncoding = 4; lastKnownFileType = sourcecode.c.objc; path = KHHomeViewController.m; sourceTree = "<group>"; };
		6E5E60E81AD5158F00669A0D /* KHHomeScreenService.h */ = {isa = PBXFileReference; fileEncoding = 4; lastKnownFileType = sourcecode.c.h; path = KHHomeScreenService.h; sourceTree = "<group>"; };
		6E5E60E91AD5158F00669A0D /* KHHomeScreenService.m */ = {isa = PBXFileReference; fileEncoding = 4; lastKnownFileType = sourcecode.c.objc; path = KHHomeScreenService.m; sourceTree = "<group>"; };
		6E5E60EB1AD515AF00669A0D /* KHHomeScreenServiceDelegate.h */ = {isa = PBXFileReference; fileEncoding = 4; lastKnownFileType = sourcecode.c.h; path = KHHomeScreenServiceDelegate.h; sourceTree = "<group>"; };
		6E5E60ED1AD6334D00669A0D /* KHSettingsViewController.h */ = {isa = PBXFileReference; fileEncoding = 4; lastKnownFileType = sourcecode.c.h; path = KHSettingsViewController.h; sourceTree = "<group>"; };
		6E5E60EE1AD6334D00669A0D /* KHSettingsViewController.m */ = {isa = PBXFileReference; fileEncoding = 4; lastKnownFileType = sourcecode.c.objc; path = KHSettingsViewController.m; sourceTree = "<group>"; };
		6E901C3B1B33B256001F14A5 /* KHSignupViewController.h */ = {isa = PBXFileReference; fileEncoding = 4; lastKnownFileType = sourcecode.c.h; path = KHSignupViewController.h; sourceTree = "<group>"; };
		6E901C3C1B33B256001F14A5 /* KHSignupViewController.m */ = {isa = PBXFileReference; fileEncoding = 4; lastKnownFileType = sourcecode.c.objc; path = KHSignupViewController.m; sourceTree = "<group>"; };
		6E901C3F1B33B268001F14A5 /* KHLoginViewController.h */ = {isa = PBXFileReference; fileEncoding = 4; lastKnownFileType = sourcecode.c.h; path = KHLoginViewController.h; sourceTree = "<group>"; };
		6E901C401B33B268001F14A5 /* KHLoginViewController.m */ = {isa = PBXFileReference; fileEncoding = 4; lastKnownFileType = sourcecode.c.objc; path = KHLoginViewController.m; sourceTree = "<group>"; };
		6E901C441B33B2D7001F14A5 /* KHSignupView.h */ = {isa = PBXFileReference; fileEncoding = 4; lastKnownFileType = sourcecode.c.h; path = KHSignupView.h; sourceTree = "<group>"; };
		6E901C451B33B2D7001F14A5 /* KHSignupView.m */ = {isa = PBXFileReference; fileEncoding = 4; lastKnownFileType = sourcecode.c.objc; path = KHSignupView.m; sourceTree = "<group>"; };
		6E901C481B33B31E001F14A5 /* KHSignupInteractor.h */ = {isa = PBXFileReference; fileEncoding = 4; lastKnownFileType = sourcecode.c.h; path = KHSignupInteractor.h; sourceTree = "<group>"; };
		6E901C491B33B31E001F14A5 /* KHSignupInteractor.m */ = {isa = PBXFileReference; fileEncoding = 4; lastKnownFileType = sourcecode.c.objc; path = KHSignupInteractor.m; sourceTree = "<group>"; };
		6E901C4F1B39095D001F14A5 /* KHLoginView.h */ = {isa = PBXFileReference; fileEncoding = 4; lastKnownFileType = sourcecode.c.h; path = KHLoginView.h; sourceTree = "<group>"; };
		6E901C501B39095D001F14A5 /* KHLoginView.m */ = {isa = PBXFileReference; fileEncoding = 4; lastKnownFileType = sourcecode.c.objc; path = KHLoginView.m; sourceTree = "<group>"; };
		6E901C531B390990001F14A5 /* KHLoginInteractor.h */ = {isa = PBXFileReference; fileEncoding = 4; lastKnownFileType = sourcecode.c.h; path = KHLoginInteractor.h; sourceTree = "<group>"; };
		6E901C541B390990001F14A5 /* KHLoginInteractor.m */ = {isa = PBXFileReference; fileEncoding = 4; lastKnownFileType = sourcecode.c.objc; path = KHLoginInteractor.m; sourceTree = "<group>"; };
		6E901C561B3930C7001F14A5 /* KHSplashScreenContent.h */ = {isa = PBXFileReference; fileEncoding = 4; lastKnownFileType = sourcecode.c.h; path = KHSplashScreenContent.h; sourceTree = "<group>"; };
		6E901C581B3D0326001F14A5 /* KHHomeStreakHeaderView.h */ = {isa = PBXFileReference; fileEncoding = 4; lastKnownFileType = sourcecode.c.h; path = KHHomeStreakHeaderView.h; sourceTree = "<group>"; };
		6E901C591B3D0326001F14A5 /* KHHomeStreakHeaderView.m */ = {isa = PBXFileReference; fileEncoding = 4; lastKnownFileType = sourcecode.c.objc; path = KHHomeStreakHeaderView.m; sourceTree = "<group>"; };
		6E98754A1A7A1C860042B3DD /* KHSplashScreenViewController.h */ = {isa = PBXFileReference; fileEncoding = 4; lastKnownFileType = sourcecode.c.h; path = KHSplashScreenViewController.h; sourceTree = "<group>"; };
		6E98754B1A7A1C860042B3DD /* KHSplashScreenViewController.m */ = {isa = PBXFileReference; fileEncoding = 4; lastKnownFileType = sourcecode.c.objc; path = KHSplashScreenViewController.m; sourceTree = "<group>"; };
		6ECCF0BD1ADD0A6B0028EC35 /* KHSettingsDataSource.h */ = {isa = PBXFileReference; fileEncoding = 4; lastKnownFileType = sourcecode.c.h; path = KHSettingsDataSource.h; sourceTree = "<group>"; };
		6ECCF0BE1ADD0A6B0028EC35 /* KHSettingsDataSource.m */ = {isa = PBXFileReference; fileEncoding = 4; lastKnownFileType = sourcecode.c.objc; path = KHSettingsDataSource.m; sourceTree = "<group>"; };
		6ECCF0C01ADD0EBA0028EC35 /* KHSettingsViewCell.h */ = {isa = PBXFileReference; fileEncoding = 4; lastKnownFileType = sourcecode.c.h; path = KHSettingsViewCell.h; sourceTree = "<group>"; };
		6ECCF0C11ADD0EBA0028EC35 /* KHSettingsViewCell.m */ = {isa = PBXFileReference; fileEncoding = 4; lastKnownFileType = sourcecode.c.objc; path = KHSettingsViewCell.m; sourceTree = "<group>"; };
		6ECCF0C41ADE5C150028EC35 /* KHStreakModel.h */ = {isa = PBXFileReference; fileEncoding = 4; lastKnownFileType = sourcecode.c.h; path = KHStreakModel.h; sourceTree = "<group>"; };
		6ECCF0C51ADE5C150028EC35 /* KHStreakModel.m */ = {isa = PBXFileReference; fileEncoding = 4; lastKnownFileType = sourcecode.c.objc; path = KHStreakModel.m; sourceTree = "<group>"; };
		6ECCF0C71AE60C890028EC35 /* KHSettingsDelegate.h */ = {isa = PBXFileReference; fileEncoding = 4; lastKnownFileType = sourcecode.c.h; path = KHSettingsDelegate.h; sourceTree = "<group>"; };
		6ECCF0C81AE60C890028EC35 /* KHSettingsDelegate.m */ = {isa = PBXFileReference; fileEncoding = 4; lastKnownFileType = sourcecode.c.objc; path = KHSettingsDelegate.m; sourceTree = "<group>"; };
		6ECCF0CA1AE620DA0028EC35 /* KHSettingsMailController.h */ = {isa = PBXFileReference; fileEncoding = 4; lastKnownFileType = sourcecode.c.h; path = KHSettingsMailController.h; sourceTree = "<group>"; };
		6ECCF0CB1AE620DA0028EC35 /* KHSettingsMailController.m */ = {isa = PBXFileReference; fileEncoding = 4; lastKnownFileType = sourcecode.c.objc; path = KHSettingsMailController.m; sourceTree = "<group>"; };
		6ECCF0CE1AE621920028EC35 /* KHSettingsMailControllerDelegate.h */ = {isa = PBXFileReference; fileEncoding = 4; lastKnownFileType = sourcecode.c.h; path = KHSettingsMailControllerDelegate.h; sourceTree = "<group>"; };
		6EE80AFD1AFB49B70091B4E4 /* KHGlobalTabBarWireframe.h */ = {isa = PBXFileReference; fileEncoding = 4; lastKnownFileType = sourcecode.c.h; path = KHGlobalTabBarWireframe.h; sourceTree = "<group>"; };
		6EE80AFE1AFB49B70091B4E4 /* KHGlobalTabBarWireframe.m */ = {isa = PBXFileReference; fileEncoding = 4; lastKnownFileType = sourcecode.c.objc; path = KHGlobalTabBarWireframe.m; sourceTree = "<group>"; };
		6EE80B051AFDEBCB0091B4E4 /* KHBrowseStreaksModel.h */ = {isa = PBXFileReference; fileEncoding = 4; lastKnownFileType = sourcecode.c.h; path = KHBrowseStreaksModel.h; sourceTree = "<group>"; };
		6EE80B061AFDEBCB0091B4E4 /* KHBrowseStreaksModel.m */ = {isa = PBXFileReference; fileEncoding = 4; lastKnownFileType = sourcecode.c.objc; path = KHBrowseStreaksModel.m; sourceTree = "<group>"; };
		6EE80B081B0013470091B4E4 /* KHBrowseCollectionViewDataSource.h */ = {isa = PBXFileReference; fileEncoding = 4; lastKnownFileType = sourcecode.c.h; path = KHBrowseCollectionViewDataSource.h; sourceTree = "<group>"; };
		6EE80B091B0013470091B4E4 /* KHBrowseCollectionViewDataSource.m */ = {isa = PBXFileReference; fileEncoding = 4; lastKnownFileType = sourcecode.c.objc; path = KHBrowseCollectionViewDataSource.m; sourceTree = "<group>"; };
		6EF661781A773A7600DA5177 /* Streak Club.app */ = {isa = PBXFileReference; explicitFileType = wrapper.application; includeInIndex = 0; path = "Streak Club.app"; sourceTree = BUILT_PRODUCTS_DIR; };
		6EF6617C1A773A7600DA5177 /* Info.plist */ = {isa = PBXFileReference; lastKnownFileType = text.plist.xml; path = Info.plist; sourceTree = "<group>"; };
		6EF6617D1A773A7600DA5177 /* main.m */ = {isa = PBXFileReference; lastKnownFileType = sourcecode.c.objc; path = main.m; sourceTree = "<group>"; };
		6EF6617F1A773A7600DA5177 /* KHAppDelegate.h */ = {isa = PBXFileReference; lastKnownFileType = sourcecode.c.h; path = KHAppDelegate.h; sourceTree = "<group>"; };
		6EF661801A773A7600DA5177 /* KHAppDelegate.m */ = {isa = PBXFileReference; lastKnownFileType = sourcecode.c.objc; path = KHAppDelegate.m; sourceTree = "<group>"; };
		6EF661881A773A7600DA5177 /* Images.xcassets */ = {isa = PBXFileReference; lastKnownFileType = folder.assetcatalog; path = Images.xcassets; sourceTree = "<group>"; };
		6EF661911A773A7600DA5177 /* Streak ClubTests.xctest */ = {isa = PBXFileReference; explicitFileType = wrapper.cfbundle; includeInIndex = 0; path = "Streak ClubTests.xctest"; sourceTree = BUILT_PRODUCTS_DIR; };
		6EF661961A773A7600DA5177 /* Info.plist */ = {isa = PBXFileReference; lastKnownFileType = text.plist.xml; path = Info.plist; sourceTree = "<group>"; };
		6EF661971A773A7600DA5177 /* Streak_ClubTests.m */ = {isa = PBXFileReference; lastKnownFileType = sourcecode.c.objc; path = Streak_ClubTests.m; sourceTree = "<group>"; };
		CCD329E466A8A79EB0FC1135 /* Pods-Streak Club.release.xcconfig */ = {isa = PBXFileReference; includeInIndex = 1; lastKnownFileType = text.xcconfig; name = "Pods-Streak Club.release.xcconfig"; path = "Pods/Target Support Files/Pods-Streak Club/Pods-Streak Club.release.xcconfig"; sourceTree = "<group>"; };
/* End PBXFileReference section */

/* Begin PBXFrameworksBuildPhase section */
		6EF661751A773A7600DA5177 /* Frameworks */ = {
			isa = PBXFrameworksBuildPhase;
			buildActionMask = 2147483647;
			files = (
				8CD75D7E36FE05DA4E6538C0 /* libPods-Streak Club.a in Frameworks */,
			);
			runOnlyForDeploymentPostprocessing = 0;
		};
		6EF6618E1A773A7600DA5177 /* Frameworks */ = {
			isa = PBXFrameworksBuildPhase;
			buildActionMask = 2147483647;
			files = (
			);
			runOnlyForDeploymentPostprocessing = 0;
		};
/* End PBXFrameworksBuildPhase section */

/* Begin PBXGroup section */
		6E0BE4A21AC3D53400BF4B45 /* Data Sources */ = {
			isa = PBXGroup;
			children = (
				6E0BE4EB1ACA730300BF4B45 /* Register */,
				6E0BE4E61AC92C1000BF4B45 /* Login */,
				6E0BE4E51AC92C0700BF4B45 /* Content */,
			);
			name = "Data Sources";
			sourceTree = "<group>";
		};
		6E0BE4A91AC3D74D00BF4B45 /* Views */ = {
			isa = PBXGroup;
			children = (
				6E0BE4CA1AC7AF1500BF4B45 /* Carousel Pages */,
				6E0BE4C91AC7AF0600BF4B45 /* Top Level Carousel */,
			);
			name = Views;
			sourceTree = "<group>";
		};
		6E0BE4B01AC5F0FD00BF4B45 /* Categories */ = {
			isa = PBXGroup;
			children = (
				6E0BE4B11AC5F11000BF4B45 /* UIColor+HexString.h */,
				6E0BE4B21AC5F11000BF4B45 /* UIColor+HexString.m */,
				6E0BE4B41AC5FAF200BF4B45 /* UIFont+CustomFonts.h */,
				6E0BE4B51AC5FAF200BF4B45 /* UIFont+CustomFonts.m */,
			);
			name = Categories;
			sourceTree = "<group>";
		};
		6E0BE4B71AC5FB4700BF4B45 /* Fonts */ = {
			isa = PBXGroup;
			children = (
				6E0BE4B81AC5FB5500BF4B45 /* Dosis-Bold.otf */,
				6E0BE4B91AC5FB5500BF4B45 /* Dosis-ExtraBold.otf */,
				6E0BE4BA1AC5FB5500BF4B45 /* Dosis-ExtraLight.otf */,
				6E0BE4BB1AC5FB5500BF4B45 /* Dosis-Light.otf */,
				6E0BE4BC1AC5FB5500BF4B45 /* Dosis-Medium.otf */,
				6E0BE4BD1AC5FB5500BF4B45 /* Dosis-Regular.otf */,
				6E0BE4BE1AC5FB5500BF4B45 /* Dosis-SemiBold.otf */,
			);
			name = Fonts;
			sourceTree = "<group>";
		};
		6E0BE4C91AC7AF0600BF4B45 /* Top Level Carousel */ = {
			isa = PBXGroup;
			children = (
				6E98754A1A7A1C860042B3DD /* KHSplashScreenViewController.h */,
				6E98754B1A7A1C860042B3DD /* KHSplashScreenViewController.m */,
			);
			name = "Top Level Carousel";
			sourceTree = "<group>";
		};
		6E0BE4CA1AC7AF1500BF4B45 /* Carousel Pages */ = {
			isa = PBXGroup;
			children = (
				6E0BE49F1AC3D52C00BF4B45 /* KHSplashScreenContentViewController.h */,
				6E0BE4A01AC3D52C00BF4B45 /* KHSplashScreenContentViewController.m */,
				6E0BE4C61AC5FFD600BF4B45 /* KHSplashScreenContentView.h */,
				6E0BE4C71AC5FFD600BF4B45 /* KHSplashScreenContentView.m */,
				6E901C561B3930C7001F14A5 /* KHSplashScreenContent.h */,
			);
			name = "Carousel Pages";
			sourceTree = "<group>";
		};
		6E0BE4D21AC8DEA200BF4B45 /* API */ = {
			isa = PBXGroup;
			children = (
				6E0BE4D31AC8DEB800BF4B45 /* KHAPIService.h */,
				6E0BE4D41AC8DEB800BF4B45 /* KHAPIService.m */,
			);
			name = API;
			sourceTree = "<group>";
		};
		6E0BE4D61AC8DF9B00BF4B45 /* Services */ = {
			isa = PBXGroup;
			children = (
				6E0BE4DF1AC8E0AC00BF4B45 /* Login */,
				6E0BE4E01AC8E0B500BF4B45 /* Register */,
			);
			name = Services;
			sourceTree = "<group>";
		};
		6E0BE4DF1AC8E0AC00BF4B45 /* Login */ = {
			isa = PBXGroup;
			children = (
				6E0BE4D71AC8DFAD00BF4B45 /* KHLoginService.h */,
				6E0BE4D81AC8DFAD00BF4B45 /* KHLoginService.m */,
				6E0BE4DA1AC8DFD800BF4B45 /* KHLoginServiceDelegate.h */,
			);
			name = Login;
			sourceTree = "<group>";
		};
		6E0BE4E01AC8E0B500BF4B45 /* Register */ = {
			isa = PBXGroup;
			children = (
				6E0BE4DB1AC8E09D00BF4B45 /* KHRegisterService.h */,
				6E0BE4DC1AC8E09D00BF4B45 /* KHRegisterService.m */,
				6E0BE4DE1AC8E0A800BF4B45 /* KHRegisterServiceDelegate.h */,
			);
			name = Register;
			sourceTree = "<group>";
		};
		6E0BE4E11AC8EBA800BF4B45 /* Session Management */ = {
			isa = PBXGroup;
			children = (
				6E0BE4E21AC8EBBF00BF4B45 /* KHSessionManager.h */,
				6E0BE4E31AC8EBBF00BF4B45 /* KHSessionManager.m */,
			);
			name = "Session Management";
			sourceTree = "<group>";
		};
		6E0BE4E51AC92C0700BF4B45 /* Content */ = {
			isa = PBXGroup;
			children = (
				6E0BE4A31AC3D54000BF4B45 /* KHSplashScreenDataSource.h */,
				6E0BE4A41AC3D54000BF4B45 /* KHSplashScreenDataSource.m */,
				6E0BE4A61AC3D74800BF4B45 /* KHSplashScreenInfo.h */,
				6E0BE4A71AC3D74800BF4B45 /* KHSplashScreenInfo.m */,
			);
			name = Content;
			sourceTree = "<group>";
		};
		6E0BE4E61AC92C1000BF4B45 /* Login */ = {
			isa = PBXGroup;
			children = (
				6E0BE4E71AC92C2000BF4B45 /* KHLoginManager.h */,
				6E0BE4E81AC92C2000BF4B45 /* KHLoginManager.m */,
				6E0BE4EA1AC92C3900BF4B45 /* KHLoginManagerDelegate.h */,
			);
			name = Login;
			sourceTree = "<group>";
		};
		6E0BE4EB1ACA730300BF4B45 /* Register */ = {
			isa = PBXGroup;
			children = (
				6E0BE4EC1ACA731200BF4B45 /* KHRegisterManager.h */,
				6E0BE4ED1ACA731200BF4B45 /* KHRegisterManager.m */,
				6E0BE4EF1ACA731B00BF4B45 /* KHRegisterManagerDelegate.h */,
			);
			name = Register;
			sourceTree = "<group>";
		};
		6E25F01F1AEF246300A4E76C /* Browse Screen */ = {
			isa = PBXGroup;
			children = (
				6E25F0291AEF50C800A4E76C /* Data Source */,
				6EE80B011AFDEB2C0091B4E4 /* Models */,
				6E25F0241AEF4E4F00A4E76C /* Service */,
				6E25F0231AEF247D00A4E76C /* View */,
			);
			name = "Browse Screen";
			sourceTree = "<group>";
		};
		6E25F0231AEF247D00A4E76C /* View */ = {
			isa = PBXGroup;
			children = (
				6E25F0201AEF247700A4E76C /* KHBrowseViewController.h */,
				6E25F0211AEF247700A4E76C /* KHBrowseViewController.m */,
			);
			name = View;
			sourceTree = "<group>";
		};
		6E25F0241AEF4E4F00A4E76C /* Service */ = {
			isa = PBXGroup;
			children = (
				6E25F0251AEF4E5E00A4E76C /* KHBrowseService.h */,
				6E25F0261AEF4E5E00A4E76C /* KHBrowseService.m */,
				6E25F0281AEF4E6F00A4E76C /* KHBrowseServiceDelegate.h */,
			);
			name = Service;
			sourceTree = "<group>";
		};
		6E25F0291AEF50C800A4E76C /* Data Source */ = {
			isa = PBXGroup;
			children = (
				6E25F02A1AEF50E600A4E76C /* KHBrowseDataSource.h */,
				6E25F02B1AEF50E600A4E76C /* KHBrowseDataSource.m */,
				6E25F02D1AEF50F600A4E76C /* KHBrowseDataSourceDelegate.h */,
				6EE80B081B0013470091B4E4 /* KHBrowseCollectionViewDataSource.h */,
				6EE80B091B0013470091B4E4 /* KHBrowseCollectionViewDataSource.m */,
			);
			name = "Data Source";
			sourceTree = "<group>";
		};
		6E25F0381AF3428F00A4E76C /* Models */ = {
			isa = PBXGroup;
			children = (
				6E25F03C1AF342B900A4E76C /* KHHomeStreaksModel.h */,
				6E25F03D1AF342B900A4E76C /* KHHomeStreaksModel.m */,
				6E25F0421AF342F100A4E76C /* KHHomeStreaksGroup.h */,
				6E25F0431AF342F100A4E76C /* KHHomeStreaksGroup.m */,
			);
			name = Models;
			sourceTree = "<group>";
		};
		6E5B3F661A835B500091A556 /* Splash Screen */ = {
			isa = PBXGroup;
			children = (
				6E0BE4A21AC3D53400BF4B45 /* Data Sources */,
				6E0BE4D61AC8DF9B00BF4B45 /* Services */,
				6E0BE4A91AC3D74D00BF4B45 /* Views */,
			);
			name = "Splash Screen";
			sourceTree = "<group>";
		};
		6E5E60DC1AD1185E00669A0D /* Home Screen */ = {
			isa = PBXGroup;
			children = (
				6E5E60E61AD5156E00669A0D /* Data Source */,
				6E25F0381AF3428F00A4E76C /* Models */,
				6E5E60E71AD5157B00669A0D /* Service */,
				6E5E60E41AD5151A00669A0D /* View */,
			);
			name = "Home Screen";
			sourceTree = "<group>";
		};
		6E5E60DD1AD1190900669A0D /* Global Tab Bar */ = {
			isa = PBXGroup;
			children = (
				6EE80B001AFB49B90091B4E4 /* Wireframe */,
				6E5E60E51AD5154600669A0D /* View */,
			);
			name = "Global Tab Bar";
			sourceTree = "<group>";
		};
		6E5E60E41AD5151A00669A0D /* View */ = {
			isa = PBXGroup;
			children = (
				6E5E60E11AD3791A00669A0D /* KHHomeViewController.h */,
				6E5E60E21AD3791A00669A0D /* KHHomeViewController.m */,
				6E901C581B3D0326001F14A5 /* KHHomeStreakHeaderView.h */,
				6E901C591B3D0326001F14A5 /* KHHomeStreakHeaderView.m */,
			);
			name = View;
			sourceTree = "<group>";
		};
		6E5E60E51AD5154600669A0D /* View */ = {
			isa = PBXGroup;
			children = (
				6E5E60DE1AD1199B00669A0D /* KHGlobalTabBarViewController.h */,
				6E5E60DF1AD1199B00669A0D /* KHGlobalTabBarViewController.m */,
			);
			name = View;
			sourceTree = "<group>";
		};
		6E5E60E61AD5156E00669A0D /* Data Source */ = {
			isa = PBXGroup;
			children = (
				6E25F02E1AEF567900A4E76C /* KHHomeCollectionViewDataSource.h */,
				6E25F02F1AEF567900A4E76C /* KHHomeCollectionViewDataSource.m */,
				6E0481271AE0938900007187 /* KHHomeScreenDataSource.h */,
				6E0481281AE0938900007187 /* KHHomeScreenDataSource.m */,
				6E04812A1AE0939C00007187 /* KHHomeScreenDataSourceDelegate.h */,
			);
			name = "Data Source";
			sourceTree = "<group>";
		};
		6E5E60E71AD5157B00669A0D /* Service */ = {
			isa = PBXGroup;
			children = (
				6E5E60E81AD5158F00669A0D /* KHHomeScreenService.h */,
				6E5E60E91AD5158F00669A0D /* KHHomeScreenService.m */,
				6E5E60EB1AD515AF00669A0D /* KHHomeScreenServiceDelegate.h */,
			);
			name = Service;
			sourceTree = "<group>";
		};
		6E5E60EC1AD6333000669A0D /* Settings Screen */ = {
			isa = PBXGroup;
			children = (
				6ECCF0BC1ADD0A480028EC35 /* Data Source */,
				6ECCF0CD1AE6217A0028EC35 /* Mail */,
				6ECCF0BB1ADD0A3F0028EC35 /* View */,
			);
			name = "Settings Screen";
			sourceTree = "<group>";
		};
		6E70CEBB1B4278EE00925AE4 /* Base Views */ = {
			isa = PBXGroup;
			children = (
				6E25F0451AF3658B00A4E76C /* KHStreakCell.h */,
				6E25F0461AF3658B00A4E76C /* KHStreakCell.m */,
				6E25F0481AF5807400A4E76C /* KHStreakProgressBar.h */,
				6E25F0491AF5807400A4E76C /* KHStreakProgressBar.m */,
			);
			name = "Base Views";
			sourceTree = "<group>";
		};
		6E70CEBC1B42790D00925AE4 /* Base ViewModels */ = {
			isa = PBXGroup;
			children = (
				6E25F04C1AF9CD5800A4E76C /* KHStreakCellViewModel.h */,
				6E25F04D1AF9CD5800A4E76C /* KHStreakCellViewModel.m */,
			);
			name = "Base ViewModels";
			sourceTree = "<group>";
		};
		6E901C3A1B33B244001F14A5 /* Signup */ = {
			isa = PBXGroup;
			children = (
				6E901C471B33B312001F14A5 /* Interactor */,
				6E901C431B33B2C8001F14A5 /* View */,
			);
			name = Signup;
			sourceTree = "<group>";
		};
		6E901C3E1B33B25E001F14A5 /* Login */ = {
			isa = PBXGroup;
			children = (
				6E901C521B390983001F14A5 /* Interactor */,
				6E901C421B33B2C0001F14A5 /* Views */,
			);
			name = Login;
			sourceTree = "<group>";
		};
		6E901C421B33B2C0001F14A5 /* Views */ = {
			isa = PBXGroup;
			children = (
				6E901C4F1B39095D001F14A5 /* KHLoginView.h */,
				6E901C501B39095D001F14A5 /* KHLoginView.m */,
				6E901C3F1B33B268001F14A5 /* KHLoginViewController.h */,
				6E901C401B33B268001F14A5 /* KHLoginViewController.m */,
			);
			name = Views;
			sourceTree = "<group>";
		};
		6E901C431B33B2C8001F14A5 /* View */ = {
			isa = PBXGroup;
			children = (
				6E901C3B1B33B256001F14A5 /* KHSignupViewController.h */,
				6E901C3C1B33B256001F14A5 /* KHSignupViewController.m */,
				6E901C441B33B2D7001F14A5 /* KHSignupView.h */,
				6E901C451B33B2D7001F14A5 /* KHSignupView.m */,
			);
			name = View;
			sourceTree = "<group>";
		};
		6E901C471B33B312001F14A5 /* Interactor */ = {
			isa = PBXGroup;
			children = (
				6E901C481B33B31E001F14A5 /* KHSignupInteractor.h */,
				6E901C491B33B31E001F14A5 /* KHSignupInteractor.m */,
			);
			name = Interactor;
			sourceTree = "<group>";
		};
		6E901C521B390983001F14A5 /* Interactor */ = {
			isa = PBXGroup;
			children = (
				6E901C531B390990001F14A5 /* KHLoginInteractor.h */,
				6E901C541B390990001F14A5 /* KHLoginInteractor.m */,
			);
			name = Interactor;
			sourceTree = "<group>";
		};
		6E9875491A7A1C0E0042B3DD /* Modules */ = {
			isa = PBXGroup;
			children = (
				6E70CEBC1B42790D00925AE4 /* Base ViewModels */,
				6E70CEBB1B4278EE00925AE4 /* Base Views */,
				6ECCF0C31ADE5C030028EC35 /* Base Models */,
				6E25F01F1AEF246300A4E76C /* Browse Screen */,
				6E5E60DD1AD1190900669A0D /* Global Tab Bar */,
				6E5E60DC1AD1185E00669A0D /* Home Screen */,
				6E901C3E1B33B25E001F14A5 /* Login */,
				6E5E60EC1AD6333000669A0D /* Settings Screen */,
				6E901C3A1B33B244001F14A5 /* Signup */,
				6E5B3F661A835B500091A556 /* Splash Screen */,
			);
			name = Modules;
			sourceTree = "<group>";
		};
		6ECCF0BB1ADD0A3F0028EC35 /* View */ = {
			isa = PBXGroup;
			children = (
				6E5E60ED1AD6334D00669A0D /* KHSettingsViewController.h */,
				6E5E60EE1AD6334D00669A0D /* KHSettingsViewController.m */,
				6ECCF0C01ADD0EBA0028EC35 /* KHSettingsViewCell.h */,
				6ECCF0C11ADD0EBA0028EC35 /* KHSettingsViewCell.m */,
			);
			name = View;
			sourceTree = "<group>";
		};
		6ECCF0BC1ADD0A480028EC35 /* Data Source */ = {
			isa = PBXGroup;
			children = (
				6ECCF0BD1ADD0A6B0028EC35 /* KHSettingsDataSource.h */,
				6ECCF0BE1ADD0A6B0028EC35 /* KHSettingsDataSource.m */,
				6ECCF0C71AE60C890028EC35 /* KHSettingsDelegate.h */,
				6ECCF0C81AE60C890028EC35 /* KHSettingsDelegate.m */,
			);
			name = "Data Source";
			sourceTree = "<group>";
		};
		6ECCF0C31ADE5C030028EC35 /* Base Models */ = {
			isa = PBXGroup;
			children = (
				6ECCF0C41ADE5C150028EC35 /* KHStreakModel.h */,
				6ECCF0C51ADE5C150028EC35 /* KHStreakModel.m */,
				6E25F0311AEF665100A4E76C /* KHUserModel.h */,
				6E25F0321AEF665100A4E76C /* KHUserModel.m */,
			);
			name = "Base Models";
			sourceTree = "<group>";
		};
		6ECCF0CD1AE6217A0028EC35 /* Mail */ = {
			isa = PBXGroup;
			children = (
				6ECCF0CA1AE620DA0028EC35 /* KHSettingsMailController.h */,
				6ECCF0CB1AE620DA0028EC35 /* KHSettingsMailController.m */,
				6ECCF0CE1AE621920028EC35 /* KHSettingsMailControllerDelegate.h */,
			);
			name = Mail;
			sourceTree = "<group>";
		};
		6EE80B001AFB49B90091B4E4 /* Wireframe */ = {
			isa = PBXGroup;
			children = (
				6EE80AFD1AFB49B70091B4E4 /* KHGlobalTabBarWireframe.h */,
				6EE80AFE1AFB49B70091B4E4 /* KHGlobalTabBarWireframe.m */,
			);
			name = Wireframe;
			sourceTree = "<group>";
		};
		6EE80B011AFDEB2C0091B4E4 /* Models */ = {
			isa = PBXGroup;
			children = (
				6EE80B051AFDEBCB0091B4E4 /* KHBrowseStreaksModel.h */,
				6EE80B061AFDEBCB0091B4E4 /* KHBrowseStreaksModel.m */,
			);
			name = Models;
			sourceTree = "<group>";
		};
		6EF6616F1A773A7600DA5177 = {
			isa = PBXGroup;
			children = (
				6E5B3F671A835D9E0091A556 /* Default-568h@2x.png */,
				6EF6617A1A773A7600DA5177 /* Streak Club */,
				6EF661941A773A7600DA5177 /* Streak ClubTests */,
				6EF661791A773A7600DA5177 /* Products */,
				D15C9B91796AF6F30EF57A19 /* Pods */,
				EAEAA6B29084D2C63F3C7C17 /* Frameworks */,
			);
			sourceTree = "<group>";
		};
		6EF661791A773A7600DA5177 /* Products */ = {
			isa = PBXGroup;
			children = (
				6EF661781A773A7600DA5177 /* Streak Club.app */,
				6EF661911A773A7600DA5177 /* Streak ClubTests.xctest */,
			);
			name = Products;
			sourceTree = "<group>";
		};
		6EF6617A1A773A7600DA5177 /* Streak Club */ = {
			isa = PBXGroup;
			children = (
				6E0BE4D21AC8DEA200BF4B45 /* API */,
				6E0BE4B01AC5F0FD00BF4B45 /* Categories */,
				6E0BE4B71AC5FB4700BF4B45 /* Fonts */,
				6EF661881A773A7600DA5177 /* Images.xcassets */,
				6EF6617F1A773A7600DA5177 /* KHAppDelegate.h */,
				6EF661801A773A7600DA5177 /* KHAppDelegate.m */,
				6E9875491A7A1C0E0042B3DD /* Modules */,
				6E0BE4E11AC8EBA800BF4B45 /* Session Management */,
				6EF6617B1A773A7600DA5177 /* Supporting Files */,
			);
			path = "Streak Club";
			sourceTree = "<group>";
		};
		6EF6617B1A773A7600DA5177 /* Supporting Files */ = {
			isa = PBXGroup;
			children = (
				6EF6617C1A773A7600DA5177 /* Info.plist */,
				6EF6617D1A773A7600DA5177 /* main.m */,
			);
			name = "Supporting Files";
			sourceTree = "<group>";
		};
		6EF661941A773A7600DA5177 /* Streak ClubTests */ = {
			isa = PBXGroup;
			children = (
				6EF661971A773A7600DA5177 /* Streak_ClubTests.m */,
				6EF661951A773A7600DA5177 /* Supporting Files */,
			);
			path = "Streak ClubTests";
			sourceTree = "<group>";
		};
		6EF661951A773A7600DA5177 /* Supporting Files */ = {
			isa = PBXGroup;
			children = (
				6EF661961A773A7600DA5177 /* Info.plist */,
			);
			name = "Supporting Files";
			sourceTree = "<group>";
		};
		D15C9B91796AF6F30EF57A19 /* Pods */ = {
			isa = PBXGroup;
			children = (
				0E6370BDDA3881A0DE2D463F /* Pods-Streak Club.debug.xcconfig */,
				CCD329E466A8A79EB0FC1135 /* Pods-Streak Club.release.xcconfig */,
			);
			name = Pods;
			sourceTree = "<group>";
		};
		EAEAA6B29084D2C63F3C7C17 /* Frameworks */ = {
			isa = PBXGroup;
			children = (
				640B7F30FF86833A9D5D4AFF /* libPods-Streak Club.a */,
			);
			name = Frameworks;
			sourceTree = "<group>";
		};
/* End PBXGroup section */

/* Begin PBXNativeTarget section */
		6EF661771A773A7600DA5177 /* Streak Club */ = {
			isa = PBXNativeTarget;
			buildConfigurationList = 6EF6619B1A773A7600DA5177 /* Build configuration list for PBXNativeTarget "Streak Club" */;
			buildPhases = (
				08CC9D32733D33E4773B113A /* Check Pods Manifest.lock */,
				6EF661741A773A7600DA5177 /* Sources */,
				6EF661751A773A7600DA5177 /* Frameworks */,
				6EF661761A773A7600DA5177 /* Resources */,
				74F9FB9B7B9C2D2450E11286 /* Copy Pods Resources */,
			);
			buildRules = (
			);
			dependencies = (
			);
			name = "Streak Club";
			productName = "Streak Club";
			productReference = 6EF661781A773A7600DA5177 /* Streak Club.app */;
			productType = "com.apple.product-type.application";
		};
		6EF661901A773A7600DA5177 /* Streak ClubTests */ = {
			isa = PBXNativeTarget;
			buildConfigurationList = 6EF6619E1A773A7600DA5177 /* Build configuration list for PBXNativeTarget "Streak ClubTests" */;
			buildPhases = (
				6EF6618D1A773A7600DA5177 /* Sources */,
				6EF6618E1A773A7600DA5177 /* Frameworks */,
				6EF6618F1A773A7600DA5177 /* Resources */,
			);
			buildRules = (
			);
			dependencies = (
				6EF661931A773A7600DA5177 /* PBXTargetDependency */,
			);
			name = "Streak ClubTests";
			productName = "Streak ClubTests";
			productReference = 6EF661911A773A7600DA5177 /* Streak ClubTests.xctest */;
			productType = "com.apple.product-type.bundle.unit-test";
		};
/* End PBXNativeTarget section */

/* Begin PBXProject section */
		6EF661701A773A7600DA5177 /* Project object */ = {
			isa = PBXProject;
			attributes = {
				LastUpgradeCheck = 0610;
				ORGANIZATIONNAME = "Kevin Hwang";
				TargetAttributes = {
					6EF661771A773A7600DA5177 = {
						CreatedOnToolsVersion = 6.1.1;
						DevelopmentTeam = 49QBN3P6XH;
					};
					6EF661901A773A7600DA5177 = {
						CreatedOnToolsVersion = 6.1.1;
						TestTargetID = 6EF661771A773A7600DA5177;
					};
				};
			};
			buildConfigurationList = 6EF661731A773A7600DA5177 /* Build configuration list for PBXProject "Streak Club" */;
			compatibilityVersion = "Xcode 3.2";
			developmentRegion = English;
			hasScannedForEncodings = 0;
			knownRegions = (
				en,
				Base,
			);
			mainGroup = 6EF6616F1A773A7600DA5177;
			productRefGroup = 6EF661791A773A7600DA5177 /* Products */;
			projectDirPath = "";
			projectRoot = "";
			targets = (
				6EF661771A773A7600DA5177 /* Streak Club */,
				6EF661901A773A7600DA5177 /* Streak ClubTests */,
			);
		};
/* End PBXProject section */

/* Begin PBXResourcesBuildPhase section */
		6EF661761A773A7600DA5177 /* Resources */ = {
			isa = PBXResourcesBuildPhase;
			buildActionMask = 2147483647;
			files = (
				6E0BE4C11AC5FB5500BF4B45 /* Dosis-ExtraLight.otf in Resources */,
				6E0BE4C41AC5FB5500BF4B45 /* Dosis-Regular.otf in Resources */,
				6E0BE4C21AC5FB5500BF4B45 /* Dosis-Light.otf in Resources */,
				6EF661891A773A7600DA5177 /* Images.xcassets in Resources */,
				6E0BE4C31AC5FB5500BF4B45 /* Dosis-Medium.otf in Resources */,
				6E5B3F681A835D9E0091A556 /* Default-568h@2x.png in Resources */,
				6E0BE4C01AC5FB5500BF4B45 /* Dosis-ExtraBold.otf in Resources */,
				6E0BE4C51AC5FB5500BF4B45 /* Dosis-SemiBold.otf in Resources */,
				6E0BE4BF1AC5FB5500BF4B45 /* Dosis-Bold.otf in Resources */,
			);
			runOnlyForDeploymentPostprocessing = 0;
		};
		6EF6618F1A773A7600DA5177 /* Resources */ = {
			isa = PBXResourcesBuildPhase;
			buildActionMask = 2147483647;
			files = (
			);
			runOnlyForDeploymentPostprocessing = 0;
		};
/* End PBXResourcesBuildPhase section */

/* Begin PBXShellScriptBuildPhase section */
		08CC9D32733D33E4773B113A /* Check Pods Manifest.lock */ = {
			isa = PBXShellScriptBuildPhase;
			buildActionMask = 2147483647;
			files = (
			);
			inputPaths = (
			);
			name = "Check Pods Manifest.lock";
			outputPaths = (
			);
			runOnlyForDeploymentPostprocessing = 0;
			shellPath = /bin/sh;
			shellScript = "diff \"${PODS_ROOT}/../Podfile.lock\" \"${PODS_ROOT}/Manifest.lock\" > /dev/null\nif [[ $? != 0 ]] ; then\n    cat << EOM\nerror: The sandbox is not in sync with the Podfile.lock. Run 'pod install' or update your CocoaPods installation.\nEOM\n    exit 1\nfi\n";
			showEnvVarsInLog = 0;
		};
		74F9FB9B7B9C2D2450E11286 /* Copy Pods Resources */ = {
			isa = PBXShellScriptBuildPhase;
			buildActionMask = 2147483647;
			files = (
			);
			inputPaths = (
			);
			name = "Copy Pods Resources";
			outputPaths = (
			);
			runOnlyForDeploymentPostprocessing = 0;
			shellPath = /bin/sh;
			shellScript = "\"${SRCROOT}/Pods/Target Support Files/Pods-Streak Club/Pods-Streak Club-resources.sh\"\n";
			showEnvVarsInLog = 0;
		};
/* End PBXShellScriptBuildPhase section */

/* Begin PBXSourcesBuildPhase section */
		6EF661741A773A7600DA5177 /* Sources */ = {
			isa = PBXSourcesBuildPhase;
			buildActionMask = 2147483647;
			files = (
				6E901C411B33B268001F14A5 /* KHLoginViewController.m in Sources */,
				6E901C461B33B2D7001F14A5 /* KHSignupView.m in Sources */,
				6E0BE4EE1ACA731200BF4B45 /* KHRegisterManager.m in Sources */,
				6E25F0331AEF665100A4E76C /* KHUserModel.m in Sources */,
				6E0BE4C81AC5FFD600BF4B45 /* KHSplashScreenContentView.m in Sources */,
				6E25F0471AF3658B00A4E76C /* KHStreakCell.m in Sources */,
				6E25F02C1AEF50E600A4E76C /* KHBrowseDataSource.m in Sources */,
				6E5E60E01AD1199B00669A0D /* KHGlobalTabBarViewController.m in Sources */,
				6E0BE4A11AC3D52C00BF4B45 /* KHSplashScreenContentViewController.m in Sources */,
				6E901C511B39095D001F14A5 /* KHLoginView.m in Sources */,
				6E901C551B390990001F14A5 /* KHLoginInteractor.m in Sources */,
				6ECCF0CC1AE620DA0028EC35 /* KHSettingsMailController.m in Sources */,
				6E5E60EA1AD5158F00669A0D /* KHHomeScreenService.m in Sources */,
				6E25F04A1AF5807400A4E76C /* KHStreakProgressBar.m in Sources */,
				6E5E60E31AD3791A00669A0D /* KHHomeViewController.m in Sources */,
				6E0BE4E91AC92C2000BF4B45 /* KHLoginManager.m in Sources */,
				6E25F0441AF342F100A4E76C /* KHHomeStreaksGroup.m in Sources */,
				6E5E60EF1AD6334D00669A0D /* KHSettingsViewController.m in Sources */,
				6ECCF0C61ADE5C150028EC35 /* KHStreakModel.m in Sources */,
				6E0BE4A81AC3D74800BF4B45 /* KHSplashScreenInfo.m in Sources */,
				6E25F0271AEF4E5E00A4E76C /* KHBrowseService.m in Sources */,
				6EE80AFF1AFB49B70091B4E4 /* KHGlobalTabBarWireframe.m in Sources */,
				6EF661811A773A7600DA5177 /* KHAppDelegate.m in Sources */,
				6EE80B071AFDEBCB0091B4E4 /* KHBrowseStreaksModel.m in Sources */,
				6E0BE4DD1AC8E09D00BF4B45 /* KHRegisterService.m in Sources */,
				6E98754C1A7A1C860042B3DD /* KHSplashScreenViewController.m in Sources */,
				6E901C3D1B33B256001F14A5 /* KHSignupViewController.m in Sources */,
				6E0481291AE0938900007187 /* KHHomeScreenDataSource.m in Sources */,
				6E25F0301AEF567900A4E76C /* KHHomeCollectionViewDataSource.m in Sources */,
				6E0BE4E41AC8EBBF00BF4B45 /* KHSessionManager.m in Sources */,
				6ECCF0C21ADD0EBA0028EC35 /* KHSettingsViewCell.m in Sources */,
				6E25F0221AEF247700A4E76C /* KHBrowseViewController.m in Sources */,
				6E0BE4B61AC5FAF200BF4B45 /* UIFont+CustomFonts.m in Sources */,
				6E0BE4D51AC8DEB800BF4B45 /* KHAPIService.m in Sources */,
				6E25F04E1AF9CD5800A4E76C /* KHStreakCellViewModel.m in Sources */,
				6ECCF0C91AE60C890028EC35 /* KHSettingsDelegate.m in Sources */,
				6ECCF0BF1ADD0A6B0028EC35 /* KHSettingsDataSource.m in Sources */,
				6E901C4A1B33B31E001F14A5 /* KHSignupInteractor.m in Sources */,
				6E0BE4B31AC5F11000BF4B45 /* UIColor+HexString.m in Sources */,
				6EF6617E1A773A7600DA5177 /* main.m in Sources */,
				6E0BE4D91AC8DFAD00BF4B45 /* KHLoginService.m in Sources */,
				6E0BE4A51AC3D54000BF4B45 /* KHSplashScreenDataSource.m in Sources */,
				6E25F03E1AF342B900A4E76C /* KHHomeStreaksModel.m in Sources */,
				6EE80B0A1B0013470091B4E4 /* KHBrowseCollectionViewDataSource.m in Sources */,
				6E901C5A1B3D0326001F14A5 /* KHHomeStreakHeaderView.m in Sources */,
			);
			runOnlyForDeploymentPostprocessing = 0;
		};
		6EF6618D1A773A7600DA5177 /* Sources */ = {
			isa = PBXSourcesBuildPhase;
			buildActionMask = 2147483647;
			files = (
				6EF661981A773A7600DA5177 /* Streak_ClubTests.m in Sources */,
			);
			runOnlyForDeploymentPostprocessing = 0;
		};
/* End PBXSourcesBuildPhase section */

/* Begin PBXTargetDependency section */
		6EF661931A773A7600DA5177 /* PBXTargetDependency */ = {
			isa = PBXTargetDependency;
			target = 6EF661771A773A7600DA5177 /* Streak Club */;
			targetProxy = 6EF661921A773A7600DA5177 /* PBXContainerItemProxy */;
		};
/* End PBXTargetDependency section */

/* Begin XCBuildConfiguration section */
		6EF661991A773A7600DA5177 /* Debug */ = {
			isa = XCBuildConfiguration;
			buildSettings = {
				ALWAYS_SEARCH_USER_PATHS = NO;
				CLANG_CXX_LANGUAGE_STANDARD = "gnu++0x";
				CLANG_CXX_LIBRARY = "libc++";
				CLANG_ENABLE_MODULES = YES;
				CLANG_ENABLE_OBJC_ARC = YES;
				CLANG_WARN_BOOL_CONVERSION = YES;
				CLANG_WARN_CONSTANT_CONVERSION = YES;
				CLANG_WARN_DIRECT_OBJC_ISA_USAGE = YES_ERROR;
				CLANG_WARN_EMPTY_BODY = YES;
				CLANG_WARN_ENUM_CONVERSION = YES;
				CLANG_WARN_INT_CONVERSION = YES;
				CLANG_WARN_OBJC_ROOT_CLASS = YES_ERROR;
				CLANG_WARN_UNREACHABLE_CODE = YES;
				CLANG_WARN__DUPLICATE_METHOD_MATCH = YES;
				"CODE_SIGN_IDENTITY[sdk=iphoneos*]" = "iPhone Developer";
				COPY_PHASE_STRIP = NO;
				ENABLE_STRICT_OBJC_MSGSEND = YES;
				GCC_C_LANGUAGE_STANDARD = gnu99;
				GCC_DYNAMIC_NO_PIC = NO;
				GCC_OPTIMIZATION_LEVEL = 0;
				GCC_PREPROCESSOR_DEFINITIONS = (
					"DEBUG=1",
					"$(inherited)",
				);
				GCC_SYMBOLS_PRIVATE_EXTERN = NO;
				GCC_WARN_64_TO_32_BIT_CONVERSION = YES;
				GCC_WARN_ABOUT_RETURN_TYPE = YES_ERROR;
				GCC_WARN_UNDECLARED_SELECTOR = YES;
				GCC_WARN_UNINITIALIZED_AUTOS = YES_AGGRESSIVE;
				GCC_WARN_UNUSED_FUNCTION = YES;
				GCC_WARN_UNUSED_VARIABLE = YES;
				IPHONEOS_DEPLOYMENT_TARGET = 8.1;
				MTL_ENABLE_DEBUG_INFO = YES;
				ONLY_ACTIVE_ARCH = YES;
				SDKROOT = iphoneos;
				TARGETED_DEVICE_FAMILY = "1,2";
			};
			name = Debug;
		};
		6EF6619A1A773A7600DA5177 /* Release */ = {
			isa = XCBuildConfiguration;
			buildSettings = {
				ALWAYS_SEARCH_USER_PATHS = NO;
				CLANG_CXX_LANGUAGE_STANDARD = "gnu++0x";
				CLANG_CXX_LIBRARY = "libc++";
				CLANG_ENABLE_MODULES = YES;
				CLANG_ENABLE_OBJC_ARC = YES;
				CLANG_WARN_BOOL_CONVERSION = YES;
				CLANG_WARN_CONSTANT_CONVERSION = YES;
				CLANG_WARN_DIRECT_OBJC_ISA_USAGE = YES_ERROR;
				CLANG_WARN_EMPTY_BODY = YES;
				CLANG_WARN_ENUM_CONVERSION = YES;
				CLANG_WARN_INT_CONVERSION = YES;
				CLANG_WARN_OBJC_ROOT_CLASS = YES_ERROR;
				CLANG_WARN_UNREACHABLE_CODE = YES;
				CLANG_WARN__DUPLICATE_METHOD_MATCH = YES;
				"CODE_SIGN_IDENTITY[sdk=iphoneos*]" = "iPhone Developer";
				COPY_PHASE_STRIP = YES;
				ENABLE_NS_ASSERTIONS = NO;
				ENABLE_STRICT_OBJC_MSGSEND = YES;
				GCC_C_LANGUAGE_STANDARD = gnu99;
				GCC_WARN_64_TO_32_BIT_CONVERSION = YES;
				GCC_WARN_ABOUT_RETURN_TYPE = YES_ERROR;
				GCC_WARN_UNDECLARED_SELECTOR = YES;
				GCC_WARN_UNINITIALIZED_AUTOS = YES_AGGRESSIVE;
				GCC_WARN_UNUSED_FUNCTION = YES;
				GCC_WARN_UNUSED_VARIABLE = YES;
				IPHONEOS_DEPLOYMENT_TARGET = 8.1;
				MTL_ENABLE_DEBUG_INFO = NO;
				SDKROOT = iphoneos;
				TARGETED_DEVICE_FAMILY = "1,2";
				VALIDATE_PRODUCT = YES;
			};
			name = Release;
		};
		6EF6619C1A773A7600DA5177 /* Debug */ = {
			isa = XCBuildConfiguration;
			baseConfigurationReference = 0E6370BDDA3881A0DE2D463F /* Pods-Streak Club.debug.xcconfig */;
			buildSettings = {
				ASSETCATALOG_COMPILER_APPICON_NAME = AppIcon;
				CODE_SIGN_IDENTITY = "iPhone Developer";
				GCC_TREAT_WARNINGS_AS_ERRORS = YES;
				INFOPLIST_FILE = "Streak Club/Info.plist";
				LD_RUNPATH_SEARCH_PATHS = "$(inherited) @executable_path/Frameworks";
				PRODUCT_NAME = "$(TARGET_NAME)";
				WARNING_CFLAGS = (
					"-Werror",
					"-Wall",
				);
			};
			name = Debug;
		};
		6EF6619D1A773A7600DA5177 /* Release */ = {
			isa = XCBuildConfiguration;
			baseConfigurationReference = CCD329E466A8A79EB0FC1135 /* Pods-Streak Club.release.xcconfig */;
			buildSettings = {
				ASSETCATALOG_COMPILER_APPICON_NAME = AppIcon;
				CODE_SIGN_IDENTITY = "iPhone Developer";
				GCC_TREAT_WARNINGS_AS_ERRORS = YES;
				INFOPLIST_FILE = "Streak Club/Info.plist";
				LD_RUNPATH_SEARCH_PATHS = "$(inherited) @executable_path/Frameworks";
				PRODUCT_NAME = "$(TARGET_NAME)";
				WARNING_CFLAGS = (
					"-Werror",
					"-Wall",
				);
			};
			name = Release;
		};
		6EF6619F1A773A7600DA5177 /* Debug */ = {
			isa = XCBuildConfiguration;
			buildSettings = {
				BUNDLE_LOADER = "$(TEST_HOST)";
				FRAMEWORK_SEARCH_PATHS = (
					"$(SDKROOT)/Developer/Library/Frameworks",
					"$(inherited)",
				);
				GCC_PREPROCESSOR_DEFINITIONS = (
					"DEBUG=1",
					"$(inherited)",
				);
				INFOPLIST_FILE = "Streak ClubTests/Info.plist";
				LD_RUNPATH_SEARCH_PATHS = "$(inherited) @executable_path/Frameworks @loader_path/Frameworks";
				PRODUCT_NAME = "$(TARGET_NAME)";
				TEST_HOST = "$(BUILT_PRODUCTS_DIR)/Streak Club.app/Streak Club";
			};
			name = Debug;
		};
		6EF661A01A773A7600DA5177 /* Release */ = {
			isa = XCBuildConfiguration;
			buildSettings = {
				BUNDLE_LOADER = "$(TEST_HOST)";
				FRAMEWORK_SEARCH_PATHS = (
					"$(SDKROOT)/Developer/Library/Frameworks",
					"$(inherited)",
				);
				INFOPLIST_FILE = "Streak ClubTests/Info.plist";
				LD_RUNPATH_SEARCH_PATHS = "$(inherited) @executable_path/Frameworks @loader_path/Frameworks";
				PRODUCT_NAME = "$(TARGET_NAME)";
				TEST_HOST = "$(BUILT_PRODUCTS_DIR)/Streak Club.app/Streak Club";
			};
			name = Release;
		};
/* End XCBuildConfiguration section */

/* Begin XCConfigurationList section */
		6EF661731A773A7600DA5177 /* Build configuration list for PBXProject "Streak Club" */ = {
			isa = XCConfigurationList;
			buildConfigurations = (
				6EF661991A773A7600DA5177 /* Debug */,
				6EF6619A1A773A7600DA5177 /* Release */,
			);
			defaultConfigurationIsVisible = 0;
			defaultConfigurationName = Release;
		};
		6EF6619B1A773A7600DA5177 /* Build configuration list for PBXNativeTarget "Streak Club" */ = {
			isa = XCConfigurationList;
			buildConfigurations = (
				6EF6619C1A773A7600DA5177 /* Debug */,
				6EF6619D1A773A7600DA5177 /* Release */,
			);
			defaultConfigurationIsVisible = 0;
			defaultConfigurationName = Release;
		};
		6EF6619E1A773A7600DA5177 /* Build configuration list for PBXNativeTarget "Streak ClubTests" */ = {
			isa = XCConfigurationList;
			buildConfigurations = (
				6EF6619F1A773A7600DA5177 /* Debug */,
				6EF661A01A773A7600DA5177 /* Release */,
			);
			defaultConfigurationIsVisible = 0;
			defaultConfigurationName = Release;
		};
/* End XCConfigurationList section */
	};
	rootObject = 6EF661701A773A7600DA5177 /* Project object */;
}
